
Microsoft Visual Studio Solution File, Format Version 12.00
# Visual Studio Version 17
VisualStudioVersion = 17.1.32210.238
MinimumVisualStudioVersion = 10.0.40219.1
Project("{FAE04EC0-301F-11D3-BF4B-00C04F79EFBC}") = "Sistema", "Sistema\Sistema.csproj", "{4D9AA788-28AC-47B2-AB03-CFCFDA7AA800}"
EndProject
Global
	GlobalSection(SolutionConfigurationPlatforms) = preSolution
		Debug|Any CPU = Debug|Any CPU
		Release|Any CPU = Release|Any CPU
	EndGlobalSection
	GlobalSection(ProjectConfigurationPlatforms) = postSolution
		{4D9AA788-28AC-47B2-AB03-CFCFDA7AA800}.Debug|Any CPU.ActiveCfg = Debug|Any CPU
		{4D9AA788-28AC-47B2-AB03-CFCFDA7AA800}.Debug|Any CPU.Build.0 = Debug|Any CPU
		{4D9AA788-28AC-47B2-AB03-CFCFDA7AA800}.Release|Any CPU.ActiveCfg = Release|Any CPU
		{4D9AA788-28AC-47B2-AB03-CFCFDA7AA800}.Release|Any CPU.Build.0 = Release|Any CPU
	EndGlobalSection
	GlobalSection(SolutionProperties) = preSolution
		HideSolutionNode = FALSE
	EndGlobalSection
	GlobalSection(ExtensibilityGlobals) = postSolution
		SolutionGuid = {0C69A4D1-878E-48FC-956E-6DDDF1B83ED2}
	EndGlobalSection
EndGlobal
